<?xml version="1.0" encoding="utf-8"?>
<Project ToolsVersion="4.0" xmlns="http://schemas.microsoft.com/developer/msbuild/2003">
  <ItemGroup>
    <Filter Include="Source Files">
      <UniqueIdentifier>{4FC737F1-C7A5-4376-A066-2A32D752A2FF}</UniqueIdentifier>
      <Extensions>cpp;c;cc;cxx;c++;cppm;ixx;def;odl;idl;hpj;bat;asm;asmx</Extensions>
    </Filter>
    <Filter Include="Header Files">
      <UniqueIdentifier>{93995380-89BD-4b04-88EB-625FBE52EBFB}</UniqueIdentifier>
      <Extensions>h;hh;hpp;hxx;h++;hm;inl;inc;ipp;xsd</Extensions>
    </Filter>
    <Filter Include="Resource Files">
      <UniqueIdentifier>{67DA6AB6-F800-4c08-8B7A-83BB121AAD01}</UniqueIdentifier>
      <Extensions>rc;ico;cur;bmp;dlg;rc2;rct;bin;rgs;gif;jpg;jpeg;jpe;resx;tiff;tif;png;wav;mfcribbon-ms</Extensions>
    </Filter>
    <Filter Include="Source Files\render">
      <UniqueIdentifier>{77276be7-1478-4475-9cb9-a10b43151aa3}</UniqueIdentifier>
    </Filter>
    <Filter Include="Source Files\utils">
      <UniqueIdentifier>{edff942c-14f0-4d8f-91b7-fddafa10e270}</UniqueIdentifier>
    </Filter>
    <Filter Include="Source Files\ui">
      <UniqueIdentifier>{c3108070-e764-4a6a-8e58-1f09538cfccc}</UniqueIdentifier>
    </Filter>
    <Filter Include="Source Files\camera">
      <UniqueIdentifier>{e4acb4de-2105-47d4-bfb9-09b839da4fad}</UniqueIdentifier>
    </Filter>
    <Filter Include="Source Files\render\topology">
      <UniqueIdentifier>{eb61c5f9-d6de-4784-ad88-7d513741ce9b}</UniqueIdentifier>
    </Filter>
    <Filter Include="Source Files\render\gl interface">
      <UniqueIdentifier>{05423df2-b385-4d40-979d-49f8caa6c85e}</UniqueIdentifier>
    </Filter>
    <Filter Include="Source Files\render\prim">
      <UniqueIdentifier>{8f2e5288-9378-426c-8fe1-e9291441ceca}</UniqueIdentifier>
    </Filter>
    <Filter Include="Source Files\render\prim\textures">
      <UniqueIdentifier>{52a86c97-fc85-4e33-afb3-71f7364004ae}</UniqueIdentifier>
    </Filter>
    <Filter Include="Source Files\render\prim\shaders">
      <UniqueIdentifier>{870806fb-11ee-4469-8e88-61ab93329b95}</UniqueIdentifier>
    </Filter>
    <Filter Include="Source Files\render\prim\shaders\default">
      <UniqueIdentifier>{ff86c5fc-034f-4517-b9a5-8bb0b988dfc8}</UniqueIdentifier>
    </Filter>
    <Filter Include="Source Files\render\prim\materials">
      <UniqueIdentifier>{9096635f-5d00-467c-abfe-7e5fe17d005b}</UniqueIdentifier>
    </Filter>
    <Filter Include="Source Files\render\prim\shaders\light">
      <UniqueIdentifier>{3e65f7a8-344c-4f18-a0cc-76ad9e76a99e}</UniqueIdentifier>
    </Filter>
  </ItemGroup>
  <ItemGroup>
    <ClCompile Include="main.cpp">
      <Filter>Source Files</Filter>
    </ClCompile>
    <ClCompile Include="rnd\render.cpp">
      <Filter>Source Files\render</Filter>
    </ClCompile>
    <ClCompile Include="utils\utils.cpp">
      <Filter>Source Files\utils</Filter>
    </ClCompile>
    <ClCompile Include="ui\controls.cpp">
      <Filter>Source Files\ui</Filter>
    </ClCompile>
    <ClCompile Include="glad.c">
      <Filter>Source Files</Filter>
    </ClCompile>
    <ClCompile Include="rnd\textures\texture.cpp">
      <Filter>Source Files\render\prim\textures</Filter>
    </ClCompile>
    <ClCompile Include="rnd\gl_funcs.cpp">
      <Filter>Source Files\render\gl interface</Filter>
    </ClCompile>
  </ItemGroup>
  <ItemGroup>
    <ClInclude Include="rnd\render.h">
      <Filter>Source Files\render</Filter>
    </ClInclude>
    <ClInclude Include="def.h">
      <Filter>Source Files</Filter>
    </ClInclude>
    <ClInclude Include="mth\camera.h">
      <Filter>Source Files\camera</Filter>
    </ClInclude>
    <ClInclude Include="utils\timer.h">
      <Filter>Source Files\utils</Filter>
    </ClInclude>
    <ClInclude Include="rnd\anim.h">
      <Filter>Source Files\render</Filter>
    </ClInclude>
    <ClInclude Include="main.h">
      <Filter>Source Files</Filter>
    </ClInclude>
    <ClInclude Include="utils\utils.h">
      <Filter>Source Files\utils</Filter>
    </ClInclude>
    <ClInclude Include="ui\controls.h">
      <Filter>Source Files\ui</Filter>
    </ClInclude>
    <ClInclude Include="rnd\shd\shaders.h">
      <Filter>Source Files\render\prim\shaders</Filter>
    </ClInclude>
    <ClInclude Include="rnd\topology\topology.h">
      <Filter>Source Files\render\topology</Filter>
    </ClInclude>
    <ClInclude Include="rnd\textures\textures.h">
      <Filter>Source Files\render\prim\textures</Filter>
    </ClInclude>
    <ClInclude Include="rnd\gl_funcs.h">
      <Filter>Source Files\render\gl interface</Filter>
    </ClInclude>
    <ClInclude Include="rnd\materials\materials.h">
      <Filter>Source Files\render\prim\materials</Filter>
    </ClInclude>
    <ClInclude Include="rnd\prim.h">
      <Filter>Source Files\render\prim</Filter>
    </ClInclude>
  </ItemGroup>
  <ItemGroup>
    <None Include="rnd\shd\DEFAULT\frag.glsl">
      <Filter>Source Files\render\prim\shaders\default</Filter>
    </None>
    <None Include="rnd\shd\DEFAULT\vert.glsl">
      <Filter>Source Files\render\prim\shaders\default</Filter>
    </None>
    <None Include="rnd\shd\LIGHT\frag.glsl">
      <Filter>Source Files\render\prim\shaders\light</Filter>
    </None>
    <None Include="rnd\shd\LIGHT\vert.glsl">
      <Filter>Source Files\render\prim\shaders\light</Filter>
    </None>
  </ItemGroup>
</Project>