<?xml version="1.0" encoding="utf-8"?>
<Project ToolsVersion="4.0" xmlns="http://schemas.microsoft.com/developer/msbuild/2003">
  <ItemGroup>
    <Filter Include="Source Files">
      <UniqueIdentifier>{4FC737F1-C7A5-4376-A066-2A32D752A2FF}</UniqueIdentifier>
      <Extensions>cpp;c;cc;cxx;c++;cppm;ixx;def;odl;idl;hpj;bat;asm;asmx</Extensions>
    </Filter>
    <Filter Include="Header Files">
      <UniqueIdentifier>{93995380-89BD-4b04-88EB-625FBE52EBFB}</UniqueIdentifier>
      <Extensions>h;hh;hpp;hxx;h++;hm;inl;inc;ipp;xsd</Extensions>
    </Filter>
    <Filter Include="Resource Files">
      <UniqueIdentifier>{67DA6AB6-F800-4c08-8B7A-83BB121AAD01}</UniqueIdentifier>
      <Extensions>rc;ico;cur;bmp;dlg;rc2;rct;bin;rgs;gif;jpg;jpeg;jpe;resx;tiff;tif;png;wav;mfcribbon-ms</Extensions>
    </Filter>
    <Filter Include="Source Files\render">
      <UniqueIdentifier>{77276be7-1478-4475-9cb9-a10b43151aa3}</UniqueIdentifier>
    </Filter>
    <Filter Include="Source Files\ai">
      <UniqueIdentifier>{65e0c1a6-ad41-4b53-8548-142b7485262f}</UniqueIdentifier>
    </Filter>
    <Filter Include="Source Files\levels">
      <UniqueIdentifier>{b9ee4d28-374b-4cae-8a38-12415066fb0e}</UniqueIdentifier>
    </Filter>
    <Filter Include="Source Files\mth">
      <UniqueIdentifier>{e4acb4de-2105-47d4-bfb9-09b839da4fad}</UniqueIdentifier>
    </Filter>
    <Filter Include="Source Files\utils">
      <UniqueIdentifier>{edff942c-14f0-4d8f-91b7-fddafa10e270}</UniqueIdentifier>
    </Filter>
  </ItemGroup>
  <ItemGroup>
    <ClCompile Include="main.cpp">
      <Filter>Source Files</Filter>
    </ClCompile>
    <ClCompile Include="rnd\render.cpp">
      <Filter>Source Files\render</Filter>
    </ClCompile>
    <ClCompile Include="utils\utils.cpp">
      <Filter>Source Files\utils</Filter>
    </ClCompile>
    <ClCompile Include="rnd\gl_funcs.cpp">
      <Filter>Source Files\render</Filter>
    </ClCompile>
  </ItemGroup>
  <ItemGroup>
    <ClInclude Include="rnd\render.h">
      <Filter>Source Files\render</Filter>
    </ClInclude>
    <ClInclude Include="def.h">
      <Filter>Source Files</Filter>
    </ClInclude>
    <ClInclude Include="mth\mth.h">
      <Filter>Source Files\mth</Filter>
    </ClInclude>
    <ClInclude Include="mth\camera.h">
      <Filter>Source Files\mth</Filter>
    </ClInclude>
    <ClInclude Include="utils\timer.h">
      <Filter>Source Files\utils</Filter>
    </ClInclude>
    <ClInclude Include="rnd\anim.h">
      <Filter>Source Files\render</Filter>
    </ClInclude>
    <ClInclude Include="main.h">
      <Filter>Source Files</Filter>
    </ClInclude>
    <ClInclude Include="utils\utils.h">
      <Filter>Source Files\utils</Filter>
    </ClInclude>
    <ClInclude Include="rnd\gl_funcs.h">
      <Filter>Source Files\render</Filter>
    </ClInclude>
    <ClInclude Include="rnd\topology.h">
      <Filter>Source Files\render</Filter>
    </ClInclude>
  </ItemGroup>
</Project>